
Microsoft Visual Studio Solution File, Format Version 12.00
# Visual Studio Version 16
VisualStudioVersion = 16.0.29209.62
MinimumVisualStudioVersion = 10.0.40219.1
Project("{FAE04EC0-301F-11D3-BF4B-00C04F79EFBC}") = "Template", "Template\Template.csproj", "{B25F7308-CFC9-45A5-950B-A2CEE4A1E7ED}"
EndProject
Project("{2150E333-8FDC-42A3-9474-1A3956D46DE8}") = "1-Web", "1-Web", "{DBB946C4-96B6-4570-BF1D-699912ED6E63}"
EndProject
Project("{2150E333-8FDC-42A3-9474-1A3956D46DE8}") = "2-Application", "2-Application", "{A336E6BB-C8A3-4633-B2B0-6BC2221C981C}"
EndProject
Project("{2150E333-8FDC-42A3-9474-1A3956D46DE8}") = "3-Domain", "3-Domain", "{B47DC7D6-5E3D-4D95-BFD4-B60576858938}"
EndProject
Project("{2150E333-8FDC-42A3-9474-1A3956D46DE8}") = "4-Infra", "4-Infra", "{E9855C99-2EFC-4583-9641-BCEA1F0CA1FC}"
EndProject
Project("{FAE04EC0-301F-11D3-BF4B-00C04F79EFBC}") = "Template.Application", "Template.Application\Template.Application.csproj", "{3A1035CE-0451-49E4-97E2-DE78BEDE8EB0}"
EndProject
Project("{FAE04EC0-301F-11D3-BF4B-00C04F79EFBC}") = "Template.Domain", "Template.Domain\Template.Domain.csproj", "{9029BCCF-AC57-4231-967A-921BB93BBAC1}"
EndProject
Project("{FAE04EC0-301F-11D3-BF4B-00C04F79EFBC}") = "Template.Data", "Template.Data\Template.Data.csproj", "{40B57441-19C0-4601-A057-69AD3EFF2737}"
EndProject
Global
	GlobalSection(SolutionConfigurationPlatforms) = preSolution
		Debug|Any CPU = Debug|Any CPU
		Release|Any CPU = Release|Any CPU
	EndGlobalSection
	GlobalSection(ProjectConfigurationPlatforms) = postSolution
		{B25F7308-CFC9-45A5-950B-A2CEE4A1E7ED}.Debug|Any CPU.ActiveCfg = Debug|Any CPU
		{B25F7308-CFC9-45A5-950B-A2CEE4A1E7ED}.Debug|Any CPU.Build.0 = Debug|Any CPU
		{B25F7308-CFC9-45A5-950B-A2CEE4A1E7ED}.Release|Any CPU.ActiveCfg = Release|Any CPU
		{B25F7308-CFC9-45A5-950B-A2CEE4A1E7ED}.Release|Any CPU.Build.0 = Release|Any CPU
		{3A1035CE-0451-49E4-97E2-DE78BEDE8EB0}.Debug|Any CPU.ActiveCfg = Debug|Any CPU
		{3A1035CE-0451-49E4-97E2-DE78BEDE8EB0}.Debug|Any CPU.Build.0 = Debug|Any CPU
		{3A1035CE-0451-49E4-97E2-DE78BEDE8EB0}.Release|Any CPU.ActiveCfg = Release|Any CPU
		{3A1035CE-0451-49E4-97E2-DE78BEDE8EB0}.Release|Any CPU.Build.0 = Release|Any CPU
		{9029BCCF-AC57-4231-967A-921BB93BBAC1}.Debug|Any CPU.ActiveCfg = Debug|Any CPU
		{9029BCCF-AC57-4231-967A-921BB93BBAC1}.Debug|Any CPU.Build.0 = Debug|Any CPU
		{9029BCCF-AC57-4231-967A-921BB93BBAC1}.Release|Any CPU.ActiveCfg = Release|Any CPU
		{9029BCCF-AC57-4231-967A-921BB93BBAC1}.Release|Any CPU.Build.0 = Release|Any CPU
		{40B57441-19C0-4601-A057-69AD3EFF2737}.Debug|Any CPU.ActiveCfg = Debug|Any CPU
		{40B57441-19C0-4601-A057-69AD3EFF2737}.Debug|Any CPU.Build.0 = Debug|Any CPU
		{40B57441-19C0-4601-A057-69AD3EFF2737}.Release|Any CPU.ActiveCfg = Release|Any CPU
		{40B57441-19C0-4601-A057-69AD3EFF2737}.Release|Any CPU.Build.0 = Release|Any CPU
	EndGlobalSection
	GlobalSection(SolutionProperties) = preSolution
		HideSolutionNode = FALSE
	EndGlobalSection
	GlobalSection(NestedProjects) = preSolution
		{B25F7308-CFC9-45A5-950B-A2CEE4A1E7ED} = {DBB946C4-96B6-4570-BF1D-699912ED6E63}
		{3A1035CE-0451-49E4-97E2-DE78BEDE8EB0} = {A336E6BB-C8A3-4633-B2B0-6BC2221C981C}
		{9029BCCF-AC57-4231-967A-921BB93BBAC1} = {B47DC7D6-5E3D-4D95-BFD4-B60576858938}
		{40B57441-19C0-4601-A057-69AD3EFF2737} = {E9855C99-2EFC-4583-9641-BCEA1F0CA1FC}
	EndGlobalSection
	GlobalSection(ExtensibilityGlobals) = postSolution
		SolutionGuid = {EDA47191-E3D8-4D0A-B6CB-CAE828237DF5}
	EndGlobalSection
EndGlobal
